
Microsoft Visual Studio Solution File, Format Version 12.00
# Visual Studio Version 17
VisualStudioVersion = 17.8.34408.163
MinimumVisualStudioVersion = 10.0.40219.1
Project("{8BC9CEB8-8B4A-11D0-8D11-00A0C91BC942}") = "SimpleCppFileBrowser", "SimpleCppFileBrowser.vcxproj", "{713CDE2A-65E8-4814-82CD-97488B61E5CE}"
EndProject
Global
	GlobalSection(SolutionConfigurationPlatforms) = preSolution
		Debug|x64 = Debug|x64
		Debug|x86 = Debug|x86
		Release|x64 = Release|x64
		Release|x86 = Release|x86
	EndGlobalSection
	GlobalSection(ProjectConfigurationPlatforms) = postSolution
		{713CDE2A-65E8-4814-82CD-97488B61E5CE}.Debug|x64.ActiveCfg = Debug|x64
		{713CDE2A-65E8-4814-82CD-97488B61E5CE}.Debug|x64.Build.0 = Debug|x64
		{713CDE2A-65E8-4814-82CD-97488B61E5CE}.Debug|x86.ActiveCfg = Debug|Win32
		{713CDE2A-65E8-4814-82CD-97488B61E5CE}.Debug|x86.Build.0 = Debug|Win32
		{713CDE2A-65E8-4814-82CD-97488B61E5CE}.Release|x64.ActiveCfg = Release|x64
		{713CDE2A-65E8-4814-82CD-97488B61E5CE}.Release|x64.Build.0 = Release|x64
		{713CDE2A-65E8-4814-82CD-97488B61E5CE}.Release|x86.ActiveCfg = Release|Win32
		{713CDE2A-65E8-4814-82CD-97488B61E5CE}.Release|x86.Build.0 = Release|Win32
	EndGlobalSection
	GlobalSection(SolutionProperties) = preSolution
		HideSolutionNode = FALSE
	EndGlobalSection
	GlobalSection(ExtensibilityGlobals) = postSolution
		SolutionGuid = {DBB43E29-F190-4710-8A70-F4F53C524BF3}
	EndGlobalSection
EndGlobal
